
Microsoft Visual Studio Solution File, Format Version 12.00
# Visual Studio Version 16
VisualStudioVersion = 16.0.31515.178
MinimumVisualStudioVersion = 10.0.40219.1
Project("{FAE04EC0-301F-11D3-BF4B-00C04F79EFBC}") = "SEDC.BookApp", "SEDC.BookApp\SEDC.BookApp.csproj", "{549D0245-6B26-4661-AFD7-F14506155D78}"
EndProject
Global
	GlobalSection(SolutionConfigurationPlatforms) = preSolution
		Debug|Any CPU = Debug|Any CPU
		Release|Any CPU = Release|Any CPU
	EndGlobalSection
	GlobalSection(ProjectConfigurationPlatforms) = postSolution
		{549D0245-6B26-4661-AFD7-F14506155D78}.Debug|Any CPU.ActiveCfg = Debug|Any CPU
		{549D0245-6B26-4661-AFD7-F14506155D78}.Debug|Any CPU.Build.0 = Debug|Any CPU
		{549D0245-6B26-4661-AFD7-F14506155D78}.Release|Any CPU.ActiveCfg = Release|Any CPU
		{549D0245-6B26-4661-AFD7-F14506155D78}.Release|Any CPU.Build.0 = Release|Any CPU
	EndGlobalSection
	GlobalSection(SolutionProperties) = preSolution
		HideSolutionNode = FALSE
	EndGlobalSection
	GlobalSection(ExtensibilityGlobals) = postSolution
		SolutionGuid = {202735A7-86D5-449F-9F5C-681097585F9C}
	EndGlobalSection
EndGlobal
